
Microsoft Visual Studio Solution File, Format Version 12.00
# Visual Studio 15
VisualStudioVersion = 15.0.28010.2048
MinimumVisualStudioVersion = 10.0.40219.1
Project("{FAE04EC0-301F-11D3-BF4B-00C04F79EFBC}") = "FileCopier", "FileCopier\FileCopier.csproj", "{CA20DC65-8837-43E7-B658-9BC2D78DEE28}"
EndProject
Global
	GlobalSection(SolutionConfigurationPlatforms) = preSolution
		Debug|Any CPU = Debug|Any CPU
		Release|Any CPU = Release|Any CPU
	EndGlobalSection
	GlobalSection(ProjectConfigurationPlatforms) = postSolution
		{CA20DC65-8837-43E7-B658-9BC2D78DEE28}.Debug|Any CPU.ActiveCfg = Debug|Any CPU
		{CA20DC65-8837-43E7-B658-9BC2D78DEE28}.Debug|Any CPU.Build.0 = Debug|Any CPU
		{CA20DC65-8837-43E7-B658-9BC2D78DEE28}.Release|Any CPU.ActiveCfg = Release|Any CPU
		{CA20DC65-8837-43E7-B658-9BC2D78DEE28}.Release|Any CPU.Build.0 = Release|Any CPU
	EndGlobalSection
	GlobalSection(SolutionProperties) = preSolution
		HideSolutionNode = FALSE
	EndGlobalSection
	GlobalSection(ExtensibilityGlobals) = postSolution
		SolutionGuid = {83171596-8D55-462B-93DD-163E6BBFC09B}
	EndGlobalSection
EndGlobal
